
Microsoft Visual Studio Solution File, Format Version 12.00
# Visual Studio Version 16
VisualStudioVersion = 16.0.30011.22
MinimumVisualStudioVersion = 10.0.40219.1
Project("{FAE04EC0-301F-11D3-BF4B-00C04F79EFBC}") = "QueryConstructor", "QueryConstructor.csproj", "{53096111-01FD-477D-937B-A9600C04C684}"
EndProject
Global
	GlobalSection(SolutionConfigurationPlatforms) = preSolution
		Debug|Any CPU = Debug|Any CPU
		Release|Any CPU = Release|Any CPU
	EndGlobalSection
	GlobalSection(ProjectConfigurationPlatforms) = postSolution
		{53096111-01FD-477D-937B-A9600C04C684}.Debug|Any CPU.ActiveCfg = Debug|Any CPU
		{53096111-01FD-477D-937B-A9600C04C684}.Debug|Any CPU.Build.0 = Debug|Any CPU
		{53096111-01FD-477D-937B-A9600C04C684}.Release|Any CPU.ActiveCfg = Release|Any CPU
		{53096111-01FD-477D-937B-A9600C04C684}.Release|Any CPU.Build.0 = Release|Any CPU
	EndGlobalSection
	GlobalSection(SolutionProperties) = preSolution
		HideSolutionNode = FALSE
	EndGlobalSection
	GlobalSection(ExtensibilityGlobals) = postSolution
		SolutionGuid = {C48D10A1-FAB6-4BD1-BDF4-00889F4F5311}
	EndGlobalSection
EndGlobal
